
Microsoft Visual Studio Solution File, Format Version 12.00
# Visual Studio 14
VisualStudioVersion = 14.0.25420.1
MinimumVisualStudioVersion = 10.0.40219.1
Project("{FAE04EC0-301F-11D3-BF4B-00C04F79EFBC}") = "CodeDemo", "CodeDemo\CodeDemo.csproj", "{328FDF24-15E2-48FC-B1D1-7E66171792CC}"
EndProject
Project("{FAE04EC0-301F-11D3-BF4B-00C04F79EFBC}") = "Wpf2Word", "Wpf2Word\Wpf2Word.csproj", "{5E913EFB-0120-4435-8D59-E30B8719CB3B}"
EndProject
Project("{FAE04EC0-301F-11D3-BF4B-00C04F79EFBC}") = "Common", "Common\Common.csproj", "{5747CE65-9AAE-4D20-923D-6A764C72E232}"
EndProject
Global
	GlobalSection(SolutionConfigurationPlatforms) = preSolution
		Debug|Any CPU = Debug|Any CPU
		Release|Any CPU = Release|Any CPU
	EndGlobalSection
	GlobalSection(ProjectConfigurationPlatforms) = postSolution
		{328FDF24-15E2-48FC-B1D1-7E66171792CC}.Debug|Any CPU.ActiveCfg = Debug|Any CPU
		{328FDF24-15E2-48FC-B1D1-7E66171792CC}.Debug|Any CPU.Build.0 = Debug|Any CPU
		{328FDF24-15E2-48FC-B1D1-7E66171792CC}.Release|Any CPU.ActiveCfg = Release|Any CPU
		{328FDF24-15E2-48FC-B1D1-7E66171792CC}.Release|Any CPU.Build.0 = Release|Any CPU
		{5E913EFB-0120-4435-8D59-E30B8719CB3B}.Debug|Any CPU.ActiveCfg = Debug|Any CPU
		{5E913EFB-0120-4435-8D59-E30B8719CB3B}.Debug|Any CPU.Build.0 = Debug|Any CPU
		{5E913EFB-0120-4435-8D59-E30B8719CB3B}.Release|Any CPU.ActiveCfg = Release|Any CPU
		{5E913EFB-0120-4435-8D59-E30B8719CB3B}.Release|Any CPU.Build.0 = Release|Any CPU
		{5747CE65-9AAE-4D20-923D-6A764C72E232}.Debug|Any CPU.ActiveCfg = Debug|Any CPU
		{5747CE65-9AAE-4D20-923D-6A764C72E232}.Debug|Any CPU.Build.0 = Debug|Any CPU
		{5747CE65-9AAE-4D20-923D-6A764C72E232}.Release|Any CPU.ActiveCfg = Release|Any CPU
		{5747CE65-9AAE-4D20-923D-6A764C72E232}.Release|Any CPU.Build.0 = Release|Any CPU
	EndGlobalSection
	GlobalSection(SolutionProperties) = preSolution
		HideSolutionNode = FALSE
	EndGlobalSection
EndGlobal
